
Microsoft Visual Studio Solution File, Format Version 12.00
# Visual Studio Version 17
VisualStudioVersion = 17.5.002.0
MinimumVisualStudioVersion = 10.0.40219.1
Project("{9A19103F-16F7-4668-BE54-9A1E7A4F7556}") = "Project4", "Project4\Project4.csproj", "{7BFA9CA3-2E2E-4C72-8876-58F6507B9720}"
EndProject
Global
	GlobalSection(SolutionConfigurationPlatforms) = preSolution
		Debug|Any CPU = Debug|Any CPU
		Release|Any CPU = Release|Any CPU
	EndGlobalSection
	GlobalSection(ProjectConfigurationPlatforms) = postSolution
		{7BFA9CA3-2E2E-4C72-8876-58F6507B9720}.Debug|Any CPU.ActiveCfg = Debug|Any CPU
		{7BFA9CA3-2E2E-4C72-8876-58F6507B9720}.Debug|Any CPU.Build.0 = Debug|Any CPU
		{7BFA9CA3-2E2E-4C72-8876-58F6507B9720}.Release|Any CPU.ActiveCfg = Release|Any CPU
		{7BFA9CA3-2E2E-4C72-8876-58F6507B9720}.Release|Any CPU.Build.0 = Release|Any CPU
	EndGlobalSection
	GlobalSection(SolutionProperties) = preSolution
		HideSolutionNode = FALSE
	EndGlobalSection
	GlobalSection(ExtensibilityGlobals) = postSolution
		SolutionGuid = {811039EF-1FD2-473C-B539-2A811CB46D90}
	EndGlobalSection
EndGlobal
